// !$*UTF8*$!
{
	archiveVersion = 1;
	classes = {
	};
	objectVersion = 48;
	objects = {

/* Begin PBXBuildFile section */
		6AC0758A20474F8C00E14750 /* AppDelegate.swift in Sources */ = {isa = PBXBuildFile; fileRef = 6AC0758920474F8C00E14750 /* AppDelegate.swift */; };
		6AC0758C20474F8C00E14750 /* ViewController.swift in Sources */ = {isa = PBXBuildFile; fileRef = 6AC0758B20474F8C00E14750 /* ViewController.swift */; };
		6AC075A22047500300E14750 /* Assets.xcassets in Resources */ = {isa = PBXBuildFile; fileRef = 6AC0759C2047500300E14750 /* Assets.xcassets */; };
		6AC075A32047500300E14750 /* LaunchScreen.storyboard in Resources */ = {isa = PBXBuildFile; fileRef = 6AC0759D2047500300E14750 /* LaunchScreen.storyboard */; };
		6AC075A42047500300E14750 /* Main.storyboard in Resources */ = {isa = PBXBuildFile; fileRef = 6AC0759F2047500300E14750 /* Main.storyboard */; };
		B663F8752253EEE700DCC578 /* bunnyEye.png in Resources */ = {isa = PBXBuildFile; fileRef = B663F8742253EEE700DCC578 /* bunnyEye.png */; };
		B663F8772253EEEF00DCC578 /* bunnyNose.png in Resources */ = {isa = PBXBuildFile; fileRef = B663F8762253EEEF00DCC578 /* bunnyNose.png */; };
		B663F8912255F43C00DCC578 /* tooth.png in Resources */ = {isa = PBXBuildFile; fileRef = B663F8902255F43C00DCC578 /* tooth.png */; };
		B663F8992255FB4700DCC578 /* face.png in Resources */ = {isa = PBXBuildFile; fileRef = B663F8982255FB4700DCC578 /* face.png */; };
		B663F89D2256026500DCC578 /* leftEyebrow.png in Resources */ = {isa = PBXBuildFile; fileRef = B663F89C2256026500DCC578 /* leftEyebrow.png */; };
		B663F89F2256055700DCC578 /* rightEyebrow.png in Resources */ = {isa = PBXBuildFile; fileRef = B663F89E2256055700DCC578 /* rightEyebrow.png */; };
		B663F8A322565CD300DCC578 /* carrot.png in Resources */ = {isa = PBXBuildFile; fileRef = B663F8A222565CD300DCC578 /* carrot.png */; };
/* End PBXBuildFile section */

/* Begin PBXFileReference section */
		6AC0758620474F8C00E14750 /* MobileLabCameraKit.app */ = {isa = PBXFileReference; explicitFileType = wrapper.application; includeInIndex = 0; path = MobileLabCameraKit.app; sourceTree = BUILT_PRODUCTS_DIR; };
		6AC0758920474F8C00E14750 /* AppDelegate.swift */ = {isa = PBXFileReference; lastKnownFileType = sourcecode.swift; path = AppDelegate.swift; sourceTree = "<group>"; };
		6AC0758B20474F8C00E14750 /* ViewController.swift */ = {isa = PBXFileReference; lastKnownFileType = sourcecode.swift; path = ViewController.swift; sourceTree = "<group>"; };
		6AC0759C2047500300E14750 /* Assets.xcassets */ = {isa = PBXFileReference; lastKnownFileType = folder.assetcatalog; path = Assets.xcassets; sourceTree = "<group>"; };
		6AC0759E2047500300E14750 /* Base */ = {isa = PBXFileReference; lastKnownFileType = file.storyboard; name = Base; path = Base.lproj/LaunchScreen.storyboard; sourceTree = "<group>"; };
		6AC075A02047500300E14750 /* Base */ = {isa = PBXFileReference; lastKnownFileType = file.storyboard; name = Base; path = Base.lproj/Main.storyboard; sourceTree = "<group>"; };
		6AC075A12047500300E14750 /* Info.plist */ = {isa = PBXFileReference; fileEncoding = 4; lastKnownFileType = text.plist.xml; path = Info.plist; sourceTree = "<group>"; };
		B663F8742253EEE700DCC578 /* bunnyEye.png */ = {isa = PBXFileReference; lastKnownFileType = image.png; path = bunnyEye.png; sourceTree = "<group>"; };
		B663F8762253EEEF00DCC578 /* bunnyNose.png */ = {isa = PBXFileReference; lastKnownFileType = image.png; path = bunnyNose.png; sourceTree = "<group>"; };
		B663F8902255F43C00DCC578 /* tooth.png */ = {isa = PBXFileReference; lastKnownFileType = image.png; name = tooth.png; path = ../../../tooth.png; sourceTree = "<group>"; };
		B663F8982255FB4700DCC578 /* face.png */ = {isa = PBXFileReference; lastKnownFileType = image.png; name = face.png; path = ../../../face.png; sourceTree = "<group>"; };
		B663F89C2256026500DCC578 /* leftEyebrow.png */ = {isa = PBXFileReference; lastKnownFileType = image.png; name = leftEyebrow.png; path = ../../../leftEyebrow.png; sourceTree = "<group>"; };
		B663F89E2256055700DCC578 /* rightEyebrow.png */ = {isa = PBXFileReference; lastKnownFileType = image.png; path = rightEyebrow.png; sourceTree = "<group>"; };
		B663F8A222565CD300DCC578 /* carrot.png */ = {isa = PBXFileReference; lastKnownFileType = image.png; path = carrot.png; sourceTree = "<group>"; };
/* End PBXFileReference section */

/* Begin PBXFrameworksBuildPhase section */
		6AC0758320474F8C00E14750 /* Frameworks */ = {
			isa = PBXFrameworksBuildPhase;
			buildActionMask = 2147483647;
			files = (
			);
			runOnlyForDeploymentPostprocessing = 0;
		};
/* End PBXFrameworksBuildPhase section */

/* Begin PBXGroup section */
		6AC0757D20474F8C00E14750 = {
			isa = PBXGroup;
			children = (
				6AC0758820474F8C00E14750 /* MobileLabCameraKit */,
				6AC0758720474F8C00E14750 /* Products */,
			);
			sourceTree = "<group>";
		};
		6AC0758720474F8C00E14750 /* Products */ = {
			isa = PBXGroup;
			children = (
				6AC0758620474F8C00E14750 /* MobileLabCameraKit.app */,
			);
			name = Products;
			sourceTree = "<group>";
		};
		6AC0758820474F8C00E14750 /* MobileLabCameraKit */ = {
			isa = PBXGroup;
			children = (
				6AC0758920474F8C00E14750 /* AppDelegate.swift */,
				6AC0758B20474F8C00E14750 /* ViewController.swift */,
				6AC0759B2047500300E14750 /* Resources */,
			);
			path = MobileLabCameraKit;
			sourceTree = "<group>";
		};
		6AC0759B2047500300E14750 /* Resources */ = {
			isa = PBXGroup;
			children = (
				6AC0759F2047500300E14750 /* Main.storyboard */,
				6AC0759D2047500300E14750 /* LaunchScreen.storyboard */,
				6AC0759C2047500300E14750 /* Assets.xcassets */,
				B663F8A222565CD300DCC578 /* carrot.png */,
				6AC075A12047500300E14750 /* Info.plist */,
				B663F8902255F43C00DCC578 /* tooth.png */,
				B663F89E2256055700DCC578 /* rightEyebrow.png */,
				B663F89C2256026500DCC578 /* leftEyebrow.png */,
				B663F8982255FB4700DCC578 /* face.png */,
				B663F8762253EEEF00DCC578 /* bunnyNose.png */,
				B663F8742253EEE700DCC578 /* bunnyEye.png */,
			);
			path = Resources;
			sourceTree = "<group>";
		};
/* End PBXGroup section */

/* Begin PBXNativeTarget section */
		6AC0758520474F8C00E14750 /* MobileLabCameraKit */ = {
			isa = PBXNativeTarget;
			buildConfigurationList = 6AC0759820474F8D00E14750 /* Build configuration list for PBXNativeTarget "MobileLabCameraKit" */;
			buildPhases = (
				6AC0758220474F8C00E14750 /* Sources */,
				6AC0758320474F8C00E14750 /* Frameworks */,
				6AC0758420474F8C00E14750 /* Resources */,
			);
			buildRules = (
			);
			dependencies = (
			);
			name = MobileLabCameraKit;
			productName = MobileLabCameraKit;
			productReference = 6AC0758620474F8C00E14750 /* MobileLabCameraKit.app */;
			productType = "com.apple.product-type.application";
		};
/* End PBXNativeTarget section */

/* Begin PBXProject section */
		6AC0757E20474F8C00E14750 /* Project object */ = {
			isa = PBXProject;
			attributes = {
				LastSwiftUpdateCheck = 0920;
				LastUpgradeCheck = 1010;
				ORGANIZATIONNAME = "Mobile Lab";
				TargetAttributes = {
					6AC0758520474F8C00E14750 = {
						CreatedOnToolsVersion = 9.2;
						LastSwiftMigration = 1010;
						ProvisioningStyle = Automatic;
					};
				};
			};
			buildConfigurationList = 6AC0758120474F8C00E14750 /* Build configuration list for PBXProject "MobileLabCameraKit" */;
			compatibilityVersion = "Xcode 8.0";
			developmentRegion = en;
			hasScannedForEncodings = 0;
			knownRegions = (
				en,
				Base,
			);
			mainGroup = 6AC0757D20474F8C00E14750;
			productRefGroup = 6AC0758720474F8C00E14750 /* Products */;
			projectDirPath = "";
			projectRoot = "";
			targets = (
				6AC0758520474F8C00E14750 /* MobileLabCameraKit */,
			);
		};
/* End PBXProject section */

/* Begin PBXResourcesBuildPhase section */
		6AC0758420474F8C00E14750 /* Resources */ = {
			isa = PBXResourcesBuildPhase;
			buildActionMask = 2147483647;
			files = (
				B663F8992255FB4700DCC578 /* face.png in Resources */,
				B663F8912255F43C00DCC578 /* tooth.png in Resources */,
				B663F89D2256026500DCC578 /* leftEyebrow.png in Resources */,
				6AC075A42047500300E14750 /* Main.storyboard in Resources */,
				6AC075A22047500300E14750 /* Assets.xcassets in Resources */,
				B663F8772253EEEF00DCC578 /* bunnyNose.png in Resources */,
				B663F89F2256055700DCC578 /* rightEyebrow.png in Resources */,
				6AC075A32047500300E14750 /* LaunchScreen.storyboard in Resources */,
				B663F8A322565CD300DCC578 /* carrot.png in Resources */,
				B663F8752253EEE700DCC578 /* bunnyEye.png in Resources */,
			);
			runOnlyForDeploymentPostprocessing = 0;
		};
/* End PBXResourcesBuildPhase section */

/* Begin PBXSourcesBuildPhase section */
		6AC0758220474F8C00E14750 /* Sources */ = {
			isa = PBXSourcesBuildPhase;
			buildActionMask = 2147483647;
			files = (
				6AC0758C20474F8C00E14750 /* ViewController.swift in Sources */,
				6AC0758A20474F8C00E14750 /* AppDelegate.swift in Sources */,
			);
			runOnlyForDeploymentPostprocessing = 0;
		};
/* End PBXSourcesBuildPhase section */

/* Begin PBXVariantGroup section */
		6AC0759D2047500300E14750 /* LaunchScreen.storyboard */ = {
			isa = PBXVariantGroup;
			children = (
				6AC0759E2047500300E14750 /* Base */,
			);
			name = LaunchScreen.storyboard;
			sourceTree = "<group>";
		};
		6AC0759F2047500300E14750 /* Main.storyboard */ = {
			isa = PBXVariantGroup;
			children = (
				6AC075A02047500300E14750 /* Base */,
			);
			name = Main.storyboard;
			sourceTree = "<group>";
		};
/* End PBXVariantGroup section */

/* Begin XCBuildConfiguration section */
		6AC0759620474F8D00E14750 /* Debug */ = {
			isa = XCBuildConfiguration;
			buildSettings = {
				ALWAYS_SEARCH_USER_PATHS = NO;
				CLANG_ANALYZER_NONNULL = YES;
				CLANG_ANALYZER_NUMBER_OBJECT_CONVERSION = YES_AGGRESSIVE;
				CLANG_CXX_LANGUAGE_STANDARD = "gnu++14";
				CLANG_CXX_LIBRARY = "libc++";
				CLANG_ENABLE_MODULES = YES;
				CLANG_ENABLE_OBJC_ARC = YES;
				CLANG_WARN_BLOCK_CAPTURE_AUTORELEASING = YES;
				CLANG_WARN_BOOL_CONVERSION = YES;
				CLANG_WARN_COMMA = YES;
				CLANG_WARN_CONSTANT_CONVERSION = YES;
				CLANG_WARN_DEPRECATED_OBJC_IMPLEMENTATIONS = YES;
				CLANG_WARN_DIRECT_OBJC_ISA_USAGE = YES_ERROR;
				CLANG_WARN_DOCUMENTATION_COMMENTS = YES;
				CLANG_WARN_EMPTY_BODY = YES;
				CLANG_WARN_ENUM_CONVERSION = YES;
				CLANG_WARN_INFINITE_RECURSION = YES;
				CLANG_WARN_INT_CONVERSION = YES;
				CLANG_WARN_NON_LITERAL_NULL_CONVERSION = YES;
				CLANG_WARN_OBJC_IMPLICIT_RETAIN_SELF = YES;
				CLANG_WARN_OBJC_LITERAL_CONVERSION = YES;
				CLANG_WARN_OBJC_ROOT_CLASS = YES_ERROR;
				CLANG_WARN_RANGE_LOOP_ANALYSIS = YES;
				CLANG_WARN_STRICT_PROTOTYPES = YES;
				CLANG_WARN_SUSPICIOUS_MOVE = YES;
				CLANG_WARN_UNGUARDED_AVAILABILITY = YES_AGGRESSIVE;
				CLANG_WARN_UNREACHABLE_CODE = YES;
				CLANG_WARN__DUPLICATE_METHOD_MATCH = YES;
				CODE_SIGN_IDENTITY = "iPhone Developer";
				COPY_PHASE_STRIP = NO;
				DEBUG_INFORMATION_FORMAT = dwarf;
				ENABLE_STRICT_OBJC_MSGSEND = YES;
				ENABLE_TESTABILITY = YES;
				GCC_C_LANGUAGE_STANDARD = gnu11;
				GCC_DYNAMIC_NO_PIC = NO;
				GCC_NO_COMMON_BLOCKS = YES;
				GCC_OPTIMIZATION_LEVEL = 0;
				GCC_PREPROCESSOR_DEFINITIONS = (
					"DEBUG=1",
					"$(inherited)",
				);
				GCC_WARN_64_TO_32_BIT_CONVERSION = YES;
				GCC_WARN_ABOUT_RETURN_TYPE = YES_ERROR;
				GCC_WARN_UNDECLARED_SELECTOR = YES;
				GCC_WARN_UNINITIALIZED_AUTOS = YES_AGGRESSIVE;
				GCC_WARN_UNUSED_FUNCTION = YES;
				GCC_WARN_UNUSED_VARIABLE = YES;
				IPHONEOS_DEPLOYMENT_TARGET = 11.2;
				MTL_ENABLE_DEBUG_INFO = YES;
				ONLY_ACTIVE_ARCH = YES;
				SDKROOT = iphoneos;
				SWIFT_ACTIVE_COMPILATION_CONDITIONS = DEBUG;
				SWIFT_OPTIMIZATION_LEVEL = "-Onone";
			};
			name = Debug;
		};
		6AC0759720474F8D00E14750 /* Release */ = {
			isa = XCBuildConfiguration;
			buildSettings = {
				ALWAYS_SEARCH_USER_PATHS = NO;
				CLANG_ANALYZER_NONNULL = YES;
				CLANG_ANALYZER_NUMBER_OBJECT_CONVERSION = YES_AGGRESSIVE;
				CLANG_CXX_LANGUAGE_STANDARD = "gnu++14";
				CLANG_CXX_LIBRARY = "libc++";
				CLANG_ENABLE_MODULES = YES;
				CLANG_ENABLE_OBJC_ARC = YES;
				CLANG_WARN_BLOCK_CAPTURE_AUTORELEASING = YES;
				CLANG_WARN_BOOL_CONVERSION = YES;
				CLANG_WARN_COMMA = YES;
				CLANG_WARN_CONSTANT_CONVERSION = YES;
				CLANG_WARN_DEPRECATED_OBJC_IMPLEMENTATIONS = YES;
				CLANG_WARN_DIRECT_OBJC_ISA_USAGE = YES_ERROR;
				CLANG_WARN_DOCUMENTATION_COMMENTS = YES;
				CLANG_WARN_EMPTY_BODY = YES;
				CLANG_WARN_ENUM_CONVERSION = YES;
				CLANG_WARN_INFINITE_RECURSION = YES;
				CLANG_WARN_INT_CONVERSION = YES;
				CLANG_WARN_NON_LITERAL_NULL_CONVERSION = YES;
				CLANG_WARN_OBJC_IMPLICIT_RETAIN_SELF = YES;
				CLANG_WARN_OBJC_LITERAL_CONVERSION = YES;
				CLANG_WARN_OBJC_ROOT_CLASS = YES_ERROR;
				CLANG_WARN_RANGE_LOOP_ANALYSIS = YES;
				CLANG_WARN_STRICT_PROTOTYPES = YES;
				CLANG_WARN_SUSPICIOUS_MOVE = YES;
				CLANG_WARN_UNGUARDED_AVAILABILITY = YES_AGGRESSIVE;
				CLANG_WARN_UNREACHABLE_CODE = YES;
				CLANG_WARN__DUPLICATE_METHOD_MATCH = YES;
				CODE_SIGN_IDENTITY = "iPhone Developer";
				COPY_PHASE_STRIP = NO;
				DEBUG_INFORMATION_FORMAT = "dwarf-with-dsym";
				ENABLE_NS_ASSERTIONS = NO;
				ENABLE_STRICT_OBJC_MSGSEND = YES;
				GCC_C_LANGUAGE_STANDARD = gnu11;
				GCC_NO_COMMON_BLOCKS = YES;
				GCC_WARN_64_TO_32_BIT_CONVERSION = YES;
				GCC_WARN_ABOUT_RETURN_TYPE = YES_ERROR;
				GCC_WARN_UNDECLARED_SELECTOR = YES;
				GCC_WARN_UNINITIALIZED_AUTOS = YES_AGGRESSIVE;
				GCC_WARN_UNUSED_FUNCTION = YES;
				GCC_WARN_UNUSED_VARIABLE = YES;
				IPHONEOS_DEPLOYMENT_TARGET = 11.2;
				MTL_ENABLE_DEBUG_INFO = NO;
				SDKROOT = iphoneos;
				SWIFT_OPTIMIZATION_LEVEL = "-Owholemodule";
				VALIDATE_PRODUCT = YES;
			};
			name = Release;
		};
		6AC0759920474F8D00E14750 /* Debug */ = {
			isa = XCBuildConfiguration;
			buildSettings = {
				ASSETCATALOG_COMPILER_APPICON_NAME = AppIcon;
				CODE_SIGN_STYLE = Automatic;
				DEVELOPMENT_TEAM = 85285FRYU6;
				INFOPLIST_FILE = MobileLabCameraKit/Resources/Info.plist;
				LD_RUNPATH_SEARCH_PATHS = "$(inherited) @executable_path/Frameworks";
				PRODUCT_BUNDLE_IDENTIFIER = com.ff.MobileLabCameraKit;
				PRODUCT_NAME = "$(TARGET_NAME)";
				SWIFT_VERSION = 4.2;
				TARGETED_DEVICE_FAMILY = 1;
			};
			name = Debug;
		};
		6AC0759A20474F8D00E14750 /* Release */ = {
			isa = XCBuildConfiguration;
			buildSettings = {
				ASSETCATALOG_COMPILER_APPICON_NAME = AppIcon;
				CODE_SIGN_STYLE = Automatic;
				DEVELOPMENT_TEAM = 85285FRYU6;
				INFOPLIST_FILE = MobileLabCameraKit/Resources/Info.plist;
				LD_RUNPATH_SEARCH_PATHS = "$(inherited) @executable_path/Frameworks";
				PRODUCT_BUNDLE_IDENTIFIER = com.ff.MobileLabCameraKit;
				PRODUCT_NAME = "$(TARGET_NAME)";
				SWIFT_VERSION = 4.2;
				TARGETED_DEVICE_FAMILY = 1;
			};
			name = Release;
		};
/* End XCBuildConfiguration section */

/* Begin XCConfigurationList section */
		6AC0758120474F8C00E14750 /* Build configuration list for PBXProject "MobileLabCameraKit" */ = {
			isa = XCConfigurationList;
			buildConfigurations = (
				6AC0759620474F8D00E14750 /* Debug */,
				6AC0759720474F8D00E14750 /* Release */,
			);
			defaultConfigurationIsVisible = 0;
			defaultConfigurationName = Release;
		};
		6AC0759820474F8D00E14750 /* Build configuration list for PBXNativeTarget "MobileLabCameraKit" */ = {
			isa = XCConfigurationList;
			buildConfigurations = (
				6AC0759920474F8D00E14750 /* Debug */,
				6AC0759A20474F8D00E14750 /* Release */,
			);
			defaultConfigurationIsVisible = 0;
			defaultConfigurationName = Release;
		};
/* End XCConfigurationList section */
	};
	rootObject = 6AC0757E20474F8C00E14750 /* Project object */;
}
